
Microsoft Visual Studio Solution File, Format Version 12.00
# Visual Studio 14
VisualStudioVersion = 14.0.24720.0
MinimumVisualStudioVersion = 10.0.40219.1
Project("{FAE04EC0-301F-11D3-BF4B-00C04F79EFBC}") = "ExcelForm2Col", "ExcelForm2Col\ExcelForm2Col.csproj", "{DB0DAD14-4C2C-4958-AF03-BC5CACEC6891}"
EndProject
Project("{FAE04EC0-301F-11D3-BF4B-00C04F79EFBC}") = "ExcelForm2ColTests", "ExcelForm2ColTests\ExcelForm2ColTests.csproj", "{13008A92-3246-4865-94FD-FE340F69B738}"
EndProject
Global
	GlobalSection(SolutionConfigurationPlatforms) = preSolution
		Debug|Any CPU = Debug|Any CPU
		Release|Any CPU = Release|Any CPU
	EndGlobalSection
	GlobalSection(ProjectConfigurationPlatforms) = postSolution
		{DB0DAD14-4C2C-4958-AF03-BC5CACEC6891}.Debug|Any CPU.ActiveCfg = Debug|Any CPU
		{DB0DAD14-4C2C-4958-AF03-BC5CACEC6891}.Debug|Any CPU.Build.0 = Debug|Any CPU
		{DB0DAD14-4C2C-4958-AF03-BC5CACEC6891}.Release|Any CPU.ActiveCfg = Release|Any CPU
		{DB0DAD14-4C2C-4958-AF03-BC5CACEC6891}.Release|Any CPU.Build.0 = Release|Any CPU
		{13008A92-3246-4865-94FD-FE340F69B738}.Debug|Any CPU.ActiveCfg = Debug|Any CPU
		{13008A92-3246-4865-94FD-FE340F69B738}.Debug|Any CPU.Build.0 = Debug|Any CPU
		{13008A92-3246-4865-94FD-FE340F69B738}.Release|Any CPU.ActiveCfg = Release|Any CPU
		{13008A92-3246-4865-94FD-FE340F69B738}.Release|Any CPU.Build.0 = Release|Any CPU
	EndGlobalSection
	GlobalSection(SolutionProperties) = preSolution
		HideSolutionNode = FALSE
	EndGlobalSection
EndGlobal
